// !$*UTF8*$!
{
	archiveVersion = 1;
	classes = {
	};
	objectVersion = 46;
	objects = {

/* Begin PBXBuildFile section */
		290B2BE51BEABAF800E96E37 /* main.m in Sources */ = {isa = PBXBuildFile; fileRef = 290B2BE41BEABAF800E96E37 /* main.m */; };
		290B2BE81BEABAF800E96E37 /* AppDelegate.m in Sources */ = {isa = PBXBuildFile; fileRef = 290B2BE71BEABAF800E96E37 /* AppDelegate.m */; };
		290B2BEB1BEABAF800E96E37 /* ViewController.m in Sources */ = {isa = PBXBuildFile; fileRef = 290B2BEA1BEABAF800E96E37 /* ViewController.m */; };
		290B2BEE1BEABAF800E96E37 /* Main.storyboard in Resources */ = {isa = PBXBuildFile; fileRef = 290B2BEC1BEABAF800E96E37 /* Main.storyboard */; };
		290B2BF01BEABAF800E96E37 /* Assets.xcassets in Resources */ = {isa = PBXBuildFile; fileRef = 290B2BEF1BEABAF800E96E37 /* Assets.xcassets */; };
		290B2BF31BEABAF800E96E37 /* LaunchScreen.storyboard in Resources */ = {isa = PBXBuildFile; fileRef = 290B2BF11BEABAF800E96E37 /* LaunchScreen.storyboard */; };
		290B2BFC1BEABB6D00E96E37 /* HypnosysView.m in Sources */ = {isa = PBXBuildFile; fileRef = 290B2BFB1BEABB6D00E96E37 /* HypnosysView.m */; };
		290B2BFF1BEABC2E00E96E37 /* HypnosysViewController.m in Sources */ = {isa = PBXBuildFile; fileRef = 290B2BFE1BEABC2E00E96E37 /* HypnosysViewController.m */; };
		290B2C021BEAC09400E96E37 /* ReminderViewController.m in Sources */ = {isa = PBXBuildFile; fileRef = 290B2C011BEAC09400E96E37 /* ReminderViewController.m */; };
		292E09881BEB812E0049354F /* ReminderViewController.xib in Resources */ = {isa = PBXBuildFile; fileRef = 292E09871BEB812E0049354F /* ReminderViewController.xib */; };
		292E098C1BEBB4280049354F /* testView.xib in Resources */ = {isa = PBXBuildFile; fileRef = 292E098B1BEBB4280049354F /* testView.xib */; };
		292E098F1BEBB5390049354F /* TestViewController.m in Sources */ = {isa = PBXBuildFile; fileRef = 292E098E1BEBB5390049354F /* TestViewController.m */; };
/* End PBXBuildFile section */

/* Begin PBXFileReference section */
		290B2BE01BEABAF800E96E37 /* HypnoNerd.app */ = {isa = PBXFileReference; explicitFileType = wrapper.application; includeInIndex = 0; path = HypnoNerd.app; sourceTree = BUILT_PRODUCTS_DIR; };
		290B2BE41BEABAF800E96E37 /* main.m */ = {isa = PBXFileReference; lastKnownFileType = sourcecode.c.objc; path = main.m; sourceTree = "<group>"; };
		290B2BE61BEABAF800E96E37 /* AppDelegate.h */ = {isa = PBXFileReference; lastKnownFileType = sourcecode.c.h; path = AppDelegate.h; sourceTree = "<group>"; };
		290B2BE71BEABAF800E96E37 /* AppDelegate.m */ = {isa = PBXFileReference; lastKnownFileType = sourcecode.c.objc; path = AppDelegate.m; sourceTree = "<group>"; };
		290B2BE91BEABAF800E96E37 /* ViewController.h */ = {isa = PBXFileReference; lastKnownFileType = sourcecode.c.h; path = ViewController.h; sourceTree = "<group>"; };
		290B2BEA1BEABAF800E96E37 /* ViewController.m */ = {isa = PBXFileReference; lastKnownFileType = sourcecode.c.objc; path = ViewController.m; sourceTree = "<group>"; };
		290B2BED1BEABAF800E96E37 /* Base */ = {isa = PBXFileReference; lastKnownFileType = file.storyboard; name = Base; path = Base.lproj/Main.storyboard; sourceTree = "<group>"; };
		290B2BEF1BEABAF800E96E37 /* Assets.xcassets */ = {isa = PBXFileReference; lastKnownFileType = folder.assetcatalog; path = Assets.xcassets; sourceTree = "<group>"; };
		290B2BF21BEABAF800E96E37 /* Base */ = {isa = PBXFileReference; lastKnownFileType = file.storyboard; name = Base; path = Base.lproj/LaunchScreen.storyboard; sourceTree = "<group>"; };
		290B2BF41BEABAF800E96E37 /* Info.plist */ = {isa = PBXFileReference; lastKnownFileType = text.plist.xml; path = Info.plist; sourceTree = "<group>"; };
		290B2BFA1BEABB6D00E96E37 /* HypnosysView.h */ = {isa = PBXFileReference; fileEncoding = 4; lastKnownFileType = sourcecode.c.h; path = HypnosysView.h; sourceTree = "<group>"; };
		290B2BFB1BEABB6D00E96E37 /* HypnosysView.m */ = {isa = PBXFileReference; fileEncoding = 4; lastKnownFileType = sourcecode.c.objc; path = HypnosysView.m; sourceTree = "<group>"; };
		290B2BFD1BEABC2E00E96E37 /* HypnosysViewController.h */ = {isa = PBXFileReference; fileEncoding = 4; lastKnownFileType = sourcecode.c.h; path = HypnosysViewController.h; sourceTree = "<group>"; };
		290B2BFE1BEABC2E00E96E37 /* HypnosysViewController.m */ = {isa = PBXFileReference; fileEncoding = 4; lastKnownFileType = sourcecode.c.objc; path = HypnosysViewController.m; sourceTree = "<group>"; };
		290B2C001BEAC09400E96E37 /* ReminderViewController.h */ = {isa = PBXFileReference; fileEncoding = 4; lastKnownFileType = sourcecode.c.h; path = ReminderViewController.h; sourceTree = "<group>"; };
		290B2C011BEAC09400E96E37 /* ReminderViewController.m */ = {isa = PBXFileReference; fileEncoding = 4; lastKnownFileType = sourcecode.c.objc; path = ReminderViewController.m; sourceTree = "<group>"; };
		292E09871BEB812E0049354F /* ReminderViewController.xib */ = {isa = PBXFileReference; fileEncoding = 4; lastKnownFileType = file.xib; path = ReminderViewController.xib; sourceTree = "<group>"; };
		292E098B1BEBB4280049354F /* testView.xib */ = {isa = PBXFileReference; fileEncoding = 4; lastKnownFileType = file.xib; path = testView.xib; sourceTree = "<group>"; };
		292E098D1BEBB5390049354F /* TestViewController.h */ = {isa = PBXFileReference; fileEncoding = 4; lastKnownFileType = sourcecode.c.h; path = TestViewController.h; sourceTree = "<group>"; };
		292E098E1BEBB5390049354F /* TestViewController.m */ = {isa = PBXFileReference; fileEncoding = 4; lastKnownFileType = sourcecode.c.objc; path = TestViewController.m; sourceTree = "<group>"; };
/* End PBXFileReference section */

/* Begin PBXFrameworksBuildPhase section */
		290B2BDD1BEABAF800E96E37 /* Frameworks */ = {
			isa = PBXFrameworksBuildPhase;
			buildActionMask = 2147483647;
			files = (
			);
			runOnlyForDeploymentPostprocessing = 0;
		};
/* End PBXFrameworksBuildPhase section */

/* Begin PBXGroup section */
		290B2BD71BEABAF800E96E37 = {
			isa = PBXGroup;
			children = (
				290B2BE21BEABAF800E96E37 /* HypnoNerd */,
				290B2BE11BEABAF800E96E37 /* Products */,
			);
			sourceTree = "<group>";
		};
		290B2BE11BEABAF800E96E37 /* Products */ = {
			isa = PBXGroup;
			children = (
				290B2BE01BEABAF800E96E37 /* HypnoNerd.app */,
			);
			name = Products;
			sourceTree = "<group>";
		};
		290B2BE21BEABAF800E96E37 /* HypnoNerd */ = {
			isa = PBXGroup;
			children = (
				290B2BFA1BEABB6D00E96E37 /* HypnosysView.h */,
				290B2BFB1BEABB6D00E96E37 /* HypnosysView.m */,
				290B2BFD1BEABC2E00E96E37 /* HypnosysViewController.h */,
				290B2BFE1BEABC2E00E96E37 /* HypnosysViewController.m */,
				290B2C001BEAC09400E96E37 /* ReminderViewController.h */,
				290B2C011BEAC09400E96E37 /* ReminderViewController.m */,
				292E09871BEB812E0049354F /* ReminderViewController.xib */,
				292E098D1BEBB5390049354F /* TestViewController.h */,
				292E098E1BEBB5390049354F /* TestViewController.m */,
				292E098B1BEBB4280049354F /* testView.xib */,
				290B2BE61BEABAF800E96E37 /* AppDelegate.h */,
				290B2BE71BEABAF800E96E37 /* AppDelegate.m */,
				290B2BE91BEABAF800E96E37 /* ViewController.h */,
				290B2BEA1BEABAF800E96E37 /* ViewController.m */,
				290B2BEC1BEABAF800E96E37 /* Main.storyboard */,
				290B2BEF1BEABAF800E96E37 /* Assets.xcassets */,
				290B2BF11BEABAF800E96E37 /* LaunchScreen.storyboard */,
				290B2BF41BEABAF800E96E37 /* Info.plist */,
				290B2BE31BEABAF800E96E37 /* Supporting Files */,
			);
			path = HypnoNerd;
			sourceTree = "<group>";
		};
		290B2BE31BEABAF800E96E37 /* Supporting Files */ = {
			isa = PBXGroup;
			children = (
				290B2BE41BEABAF800E96E37 /* main.m */,
			);
			name = "Supporting Files";
			sourceTree = "<group>";
		};
/* End PBXGroup section */

/* Begin PBXNativeTarget section */
		290B2BDF1BEABAF800E96E37 /* HypnoNerd */ = {
			isa = PBXNativeTarget;
			buildConfigurationList = 290B2BF71BEABAF800E96E37 /* Build configuration list for PBXNativeTarget "HypnoNerd" */;
			buildPhases = (
				290B2BDC1BEABAF800E96E37 /* Sources */,
				290B2BDD1BEABAF800E96E37 /* Frameworks */,
				290B2BDE1BEABAF800E96E37 /* Resources */,
			);
			buildRules = (
			);
			dependencies = (
			);
			name = HypnoNerd;
			productName = HypnoNerd;
			productReference = 290B2BE01BEABAF800E96E37 /* HypnoNerd.app */;
			productType = "com.apple.product-type.application";
		};
/* End PBXNativeTarget section */

/* Begin PBXProject section */
		290B2BD81BEABAF800E96E37 /* Project object */ = {
			isa = PBXProject;
			attributes = {
				LastUpgradeCheck = 0710;
				ORGANIZATIONNAME = "Yuriy T";
				TargetAttributes = {
					290B2BDF1BEABAF800E96E37 = {
						CreatedOnToolsVersion = 7.1;
					};
				};
			};
			buildConfigurationList = 290B2BDB1BEABAF800E96E37 /* Build configuration list for PBXProject "HypnoNerd" */;
			compatibilityVersion = "Xcode 3.2";
			developmentRegion = English;
			hasScannedForEncodings = 0;
			knownRegions = (
				en,
				Base,
			);
			mainGroup = 290B2BD71BEABAF800E96E37;
			productRefGroup = 290B2BE11BEABAF800E96E37 /* Products */;
			projectDirPath = "";
			projectRoot = "";
			targets = (
				290B2BDF1BEABAF800E96E37 /* HypnoNerd */,
			);
		};
/* End PBXProject section */

/* Begin PBXResourcesBuildPhase section */
		290B2BDE1BEABAF800E96E37 /* Resources */ = {
			isa = PBXResourcesBuildPhase;
			buildActionMask = 2147483647;
			files = (
				292E09881BEB812E0049354F /* ReminderViewController.xib in Resources */,
				290B2BF31BEABAF800E96E37 /* LaunchScreen.storyboard in Resources */,
				290B2BF01BEABAF800E96E37 /* Assets.xcassets in Resources */,
				290B2BEE1BEABAF800E96E37 /* Main.storyboard in Resources */,
				292E098C1BEBB4280049354F /* testView.xib in Resources */,
			);
			runOnlyForDeploymentPostprocessing = 0;
		};
/* End PBXResourcesBuildPhase section */

/* Begin PBXSourcesBuildPhase section */
		290B2BDC1BEABAF800E96E37 /* Sources */ = {
			isa = PBXSourcesBuildPhase;
			buildActionMask = 2147483647;
			files = (
				290B2BEB1BEABAF800E96E37 /* ViewController.m in Sources */,
				290B2BFC1BEABB6D00E96E37 /* HypnosysView.m in Sources */,
				292E098F1BEBB5390049354F /* TestViewController.m in Sources */,
				290B2C021BEAC09400E96E37 /* ReminderViewController.m in Sources */,
				290B2BFF1BEABC2E00E96E37 /* HypnosysViewController.m in Sources */,
				290B2BE81BEABAF800E96E37 /* AppDelegate.m in Sources */,
				290B2BE51BEABAF800E96E37 /* main.m in Sources */,
			);
			runOnlyForDeploymentPostprocessing = 0;
		};
/* End PBXSourcesBuildPhase section */

/* Begin PBXVariantGroup section */
		290B2BEC1BEABAF800E96E37 /* Main.storyboard */ = {
			isa = PBXVariantGroup;
			children = (
				290B2BED1BEABAF800E96E37 /* Base */,
			);
			name = Main.storyboard;
			sourceTree = "<group>";
		};
		290B2BF11BEABAF800E96E37 /* LaunchScreen.storyboard */ = {
			isa = PBXVariantGroup;
			children = (
				290B2BF21BEABAF800E96E37 /* Base */,
			);
			name = LaunchScreen.storyboard;
			sourceTree = "<group>";
		};
/* End PBXVariantGroup section */

/* Begin XCBuildConfiguration section */
		290B2BF51BEABAF800E96E37 /* Debug */ = {
			isa = XCBuildConfiguration;
			buildSettings = {
				ALWAYS_SEARCH_USER_PATHS = NO;
				CLANG_CXX_LANGUAGE_STANDARD = "gnu++0x";
				CLANG_CXX_LIBRARY = "libc++";
				CLANG_ENABLE_MODULES = YES;
				CLANG_ENABLE_OBJC_ARC = YES;
				CLANG_WARN_BOOL_CONVERSION = YES;
				CLANG_WARN_CONSTANT_CONVERSION = YES;
				CLANG_WARN_DIRECT_OBJC_ISA_USAGE = YES_ERROR;
				CLANG_WARN_EMPTY_BODY = YES;
				CLANG_WARN_ENUM_CONVERSION = YES;
				CLANG_WARN_INT_CONVERSION = YES;
				CLANG_WARN_OBJC_ROOT_CLASS = YES_ERROR;
				CLANG_WARN_UNREACHABLE_CODE = YES;
				CLANG_WARN__DUPLICATE_METHOD_MATCH = YES;
				"CODE_SIGN_IDENTITY[sdk=iphoneos*]" = "iPhone Developer";
				COPY_PHASE_STRIP = NO;
				DEBUG_INFORMATION_FORMAT = dwarf;
				ENABLE_STRICT_OBJC_MSGSEND = YES;
				ENABLE_TESTABILITY = YES;
				GCC_C_LANGUAGE_STANDARD = gnu99;
				GCC_DYNAMIC_NO_PIC = NO;
				GCC_NO_COMMON_BLOCKS = YES;
				GCC_OPTIMIZATION_LEVEL = 0;
				GCC_PREPROCESSOR_DEFINITIONS = (
					"DEBUG=1",
					"$(inherited)",
				);
				GCC_WARN_64_TO_32_BIT_CONVERSION = YES;
				GCC_WARN_ABOUT_RETURN_TYPE = YES_ERROR;
				GCC_WARN_UNDECLARED_SELECTOR = YES;
				GCC_WARN_UNINITIALIZED_AUTOS = YES_AGGRESSIVE;
				GCC_WARN_UNUSED_FUNCTION = YES;
				GCC_WARN_UNUSED_VARIABLE = YES;
				IPHONEOS_DEPLOYMENT_TARGET = 9.1;
				MTL_ENABLE_DEBUG_INFO = YES;
				ONLY_ACTIVE_ARCH = YES;
				SDKROOT = iphoneos;
			};
			name = Debug;
		};
		290B2BF61BEABAF800E96E37 /* Release */ = {
			isa = XCBuildConfiguration;
			buildSettings = {
				ALWAYS_SEARCH_USER_PATHS = NO;
				CLANG_CXX_LANGUAGE_STANDARD = "gnu++0x";
				CLANG_CXX_LIBRARY = "libc++";
				CLANG_ENABLE_MODULES = YES;
				CLANG_ENABLE_OBJC_ARC = YES;
				CLANG_WARN_BOOL_CONVERSION = YES;
				CLANG_WARN_CONSTANT_CONVERSION = YES;
				CLANG_WARN_DIRECT_OBJC_ISA_USAGE = YES_ERROR;
				CLANG_WARN_EMPTY_BODY = YES;
				CLANG_WARN_ENUM_CONVERSION = YES;
				CLANG_WARN_INT_CONVERSION = YES;
				CLANG_WARN_OBJC_ROOT_CLASS = YES_ERROR;
				CLANG_WARN_UNREACHABLE_CODE = YES;
				CLANG_WARN__DUPLICATE_METHOD_MATCH = YES;
				"CODE_SIGN_IDENTITY[sdk=iphoneos*]" = "iPhone Developer";
				COPY_PHASE_STRIP = NO;
				DEBUG_INFORMATION_FORMAT = "dwarf-with-dsym";
				ENABLE_NS_ASSERTIONS = NO;
				ENABLE_STRICT_OBJC_MSGSEND = YES;
				GCC_C_LANGUAGE_STANDARD = gnu99;
				GCC_NO_COMMON_BLOCKS = YES;
				GCC_WARN_64_TO_32_BIT_CONVERSION = YES;
				GCC_WARN_ABOUT_RETURN_TYPE = YES_ERROR;
				GCC_WARN_UNDECLARED_SELECTOR = YES;
				GCC_WARN_UNINITIALIZED_AUTOS = YES_AGGRESSIVE;
				GCC_WARN_UNUSED_FUNCTION = YES;
				GCC_WARN_UNUSED_VARIABLE = YES;
				IPHONEOS_DEPLOYMENT_TARGET = 9.1;
				MTL_ENABLE_DEBUG_INFO = NO;
				SDKROOT = iphoneos;
				VALIDATE_PRODUCT = YES;
			};
			name = Release;
		};
		290B2BF81BEABAF800E96E37 /* Debug */ = {
			isa = XCBuildConfiguration;
			buildSettings = {
				ASSETCATALOG_COMPILER_APPICON_NAME = AppIcon;
				CODE_SIGN_IDENTITY = "iPhone Developer";
				INFOPLIST_FILE = HypnoNerd/Info.plist;
				IPHONEOS_DEPLOYMENT_TARGET = 8.0;
				LD_RUNPATH_SEARCH_PATHS = "$(inherited) @executable_path/Frameworks";
				PRODUCT_BUNDLE_IDENTIFIER = "com.learning.Objective-C.HypnoNerd";
				PRODUCT_NAME = "$(TARGET_NAME)";
			};
			name = Debug;
		};
		290B2BF91BEABAF800E96E37 /* Release */ = {
			isa = XCBuildConfiguration;
			buildSettings = {
				ASSETCATALOG_COMPILER_APPICON_NAME = AppIcon;
				CODE_SIGN_IDENTITY = "iPhone Developer";
				INFOPLIST_FILE = HypnoNerd/Info.plist;
				IPHONEOS_DEPLOYMENT_TARGET = 8.0;
				LD_RUNPATH_SEARCH_PATHS = "$(inherited) @executable_path/Frameworks";
				PRODUCT_BUNDLE_IDENTIFIER = "com.learning.Objective-C.HypnoNerd";
				PRODUCT_NAME = "$(TARGET_NAME)";
			};
			name = Release;
		};
/* End XCBuildConfiguration section */

/* Begin XCConfigurationList section */
		290B2BDB1BEABAF800E96E37 /* Build configuration list for PBXProject "HypnoNerd" */ = {
			isa = XCConfigurationList;
			buildConfigurations = (
				290B2BF51BEABAF800E96E37 /* Debug */,
				290B2BF61BEABAF800E96E37 /* Release */,
			);
			defaultConfigurationIsVisible = 0;
			defaultConfigurationName = Release;
		};
		290B2BF71BEABAF800E96E37 /* Build configuration list for PBXNativeTarget "HypnoNerd" */ = {
			isa = XCConfigurationList;
			buildConfigurations = (
				290B2BF81BEABAF800E96E37 /* Debug */,
				290B2BF91BEABAF800E96E37 /* Release */,
			);
			defaultConfigurationIsVisible = 0;
			defaultConfigurationName = Release;
		};
/* End XCConfigurationList section */
	};
	rootObject = 290B2BD81BEABAF800E96E37 /* Project object */;
}
